// !$*UTF8*$!
{
	archiveVersion = 1;
	classes = {
	};
	objectVersion = 46;
	objects = {

/* Begin PBXBuildFile section */
		3401A714A53C5880D1A860DD /* libPods.a in Frameworks */ = {isa = PBXBuildFile; fileRef = 1353B049327832F8D0401BC7 /* libPods.a */; };
		5335F38E1D7FF92B0090D9CB /* main.m in Sources */ = {isa = PBXBuildFile; fileRef = 5335F38D1D7FF92B0090D9CB /* main.m */; };
		5335F3911D7FF92B0090D9CB /* AppDelegate.m in Sources */ = {isa = PBXBuildFile; fileRef = 5335F3901D7FF92B0090D9CB /* AppDelegate.m */; };
		5335F3941D7FF92B0090D9CB /* ViewController.m in Sources */ = {isa = PBXBuildFile; fileRef = 5335F3931D7FF92B0090D9CB /* ViewController.m */; };
		5335F3971D7FF92B0090D9CB /* Main.storyboard in Resources */ = {isa = PBXBuildFile; fileRef = 5335F3951D7FF92B0090D9CB /* Main.storyboard */; };
		5335F3991D7FF92B0090D9CB /* Assets.xcassets in Resources */ = {isa = PBXBuildFile; fileRef = 5335F3981D7FF92B0090D9CB /* Assets.xcassets */; };
		5335F39C1D7FF92B0090D9CB /* LaunchScreen.storyboard in Resources */ = {isa = PBXBuildFile; fileRef = 5335F39A1D7FF92B0090D9CB /* LaunchScreen.storyboard */; };
		5335F3A71D7FF92B0090D9CB /* YLPlayerTests.m in Sources */ = {isa = PBXBuildFile; fileRef = 5335F3A61D7FF92B0090D9CB /* YLPlayerTests.m */; };
		5335F3B21D7FF92B0090D9CB /* YLPlayerUITests.m in Sources */ = {isa = PBXBuildFile; fileRef = 5335F3B11D7FF92B0090D9CB /* YLPlayerUITests.m */; };
		5386B8371D829CE300A7D272 /* bg_media_default@2x.jpg in Resources */ = {isa = PBXBuildFile; fileRef = 5386B8101D829CE300A7D272 /* bg_media_default@2x.jpg */; };
		5386B8381D829CE300A7D272 /* fastforward@2x.png in Resources */ = {isa = PBXBuildFile; fileRef = 5386B8111D829CE300A7D272 /* fastforward@2x.png */; };
		5386B8391D829CE300A7D272 /* fastforward@3x.png in Resources */ = {isa = PBXBuildFile; fileRef = 5386B8121D829CE300A7D272 /* fastforward@3x.png */; };
		5386B83A1D829CE300A7D272 /* YLPlayerViewController.m in Sources */ = {isa = PBXBuildFile; fileRef = 5386B8141D829CE300A7D272 /* YLPlayerViewController.m */; };
		5386B83B1D829CE300A7D272 /* player_back@2x.png in Resources */ = {isa = PBXBuildFile; fileRef = 5386B8151D829CE300A7D272 /* player_back@2x.png */; };
		5386B83C1D829CE300A7D272 /* player_back@3x.png in Resources */ = {isa = PBXBuildFile; fileRef = 5386B8161D829CE300A7D272 /* player_back@3x.png */; };
		5386B83D1D829CE300A7D272 /* player_brightness_bg@2x.png in Resources */ = {isa = PBXBuildFile; fileRef = 5386B8171D829CE300A7D272 /* player_brightness_bg@2x.png */; };
		5386B83E1D829CE300A7D272 /* player_brightness_bg@3x.png in Resources */ = {isa = PBXBuildFile; fileRef = 5386B8181D829CE300A7D272 /* player_brightness_bg@3x.png */; };
		5386B83F1D829CE300A7D272 /* player_close@2x.png in Resources */ = {isa = PBXBuildFile; fileRef = 5386B8191D829CE300A7D272 /* player_close@2x.png */; };
		5386B8401D829CE300A7D272 /* player_close@3x.png in Resources */ = {isa = PBXBuildFile; fileRef = 5386B81A1D829CE300A7D272 /* player_close@3x.png */; };
		5386B8411D829CE300A7D272 /* player_fullscreen@2x.png in Resources */ = {isa = PBXBuildFile; fileRef = 5386B81B1D829CE300A7D272 /* player_fullscreen@2x.png */; };
		5386B8421D829CE300A7D272 /* player_fullscreen@3x.png in Resources */ = {isa = PBXBuildFile; fileRef = 5386B81C1D829CE300A7D272 /* player_fullscreen@3x.png */; };
		5386B8431D829CE300A7D272 /* player_pausekey@2x.png in Resources */ = {isa = PBXBuildFile; fileRef = 5386B81D1D829CE300A7D272 /* player_pausekey@2x.png */; };
		5386B8441D829CE300A7D272 /* player_pausekey@3x.png in Resources */ = {isa = PBXBuildFile; fileRef = 5386B81E1D829CE300A7D272 /* player_pausekey@3x.png */; };
		5386B8451D829CE300A7D272 /* player_play@2x.png in Resources */ = {isa = PBXBuildFile; fileRef = 5386B81F1D829CE300A7D272 /* player_play@2x.png */; };
		5386B8461D829CE300A7D272 /* player_play@3x.png in Resources */ = {isa = PBXBuildFile; fileRef = 5386B8201D829CE300A7D272 /* player_play@3x.png */; };
		5386B8471D829CE300A7D272 /* player_shrinkscreen@2x.png in Resources */ = {isa = PBXBuildFile; fileRef = 5386B8211D829CE300A7D272 /* player_shrinkscreen@2x.png */; };
		5386B8481D829CE300A7D272 /* player_shrinkscreen@3x.png in Resources */ = {isa = PBXBuildFile; fileRef = 5386B8221D829CE300A7D272 /* player_shrinkscreen@3x.png */; };
		5386B8491D829CE300A7D272 /* progressbar@2x.png in Resources */ = {isa = PBXBuildFile; fileRef = 5386B8231D829CE300A7D272 /* progressbar@2x.png */; };
		5386B84A1D829CE300A7D272 /* progressbar@3x.png in Resources */ = {isa = PBXBuildFile; fileRef = 5386B8241D829CE300A7D272 /* progressbar@3x.png */; };
		5386B84B1D829CE300A7D272 /* progressbar_default@2x.png in Resources */ = {isa = PBXBuildFile; fileRef = 5386B8251D829CE300A7D272 /* progressbar_default@2x.png */; };
		5386B84C1D829CE300A7D272 /* progressbar_default@3x.png in Resources */ = {isa = PBXBuildFile; fileRef = 5386B8261D829CE300A7D272 /* progressbar_default@3x.png */; };
		5386B84D1D829CE300A7D272 /* progressbar_dot@2x.png in Resources */ = {isa = PBXBuildFile; fileRef = 5386B8271D829CE300A7D272 /* progressbar_dot@2x.png */; };
		5386B84E1D829CE300A7D272 /* progressbar_dot@3x.png in Resources */ = {isa = PBXBuildFile; fileRef = 5386B8281D829CE300A7D272 /* progressbar_dot@3x.png */; };
		5386B84F1D829CE300A7D272 /* rewind@2x.png in Resources */ = {isa = PBXBuildFile; fileRef = 5386B8291D829CE300A7D272 /* rewind@2x.png */; };
		5386B8501D829CE300A7D272 /* rewind@3x.png in Resources */ = {isa = PBXBuildFile; fileRef = 5386B82A1D829CE300A7D272 /* rewind@3x.png */; };
		5386B8511D829CE300A7D272 /* YLPlayerBrightnessView.m in Sources */ = {isa = PBXBuildFile; fileRef = 5386B82C1D829CE300A7D272 /* YLPlayerBrightnessView.m */; };
		5386B8521D829CE300A7D272 /* YLPlayerSlider.m in Sources */ = {isa = PBXBuildFile; fileRef = 5386B82E1D829CE300A7D272 /* YLPlayerSlider.m */; };
		5386B8531D829CE300A7D272 /* YLPlayerView.m in Sources */ = {isa = PBXBuildFile; fileRef = 5386B8301D829CE300A7D272 /* YLPlayerView.m */; };
		5386B8541D829CE300A7D272 /* YLVideoPlayerBrightnessView.m in Sources */ = {isa = PBXBuildFile; fileRef = 5386B8321D829CE300A7D272 /* YLVideoPlayerBrightnessView.m */; };
		5386B8551D829CE300A7D272 /* YLVideoPlayerControlView.m in Sources */ = {isa = PBXBuildFile; fileRef = 5386B8341D829CE300A7D272 /* YLVideoPlayerControlView.m */; };
		5386B8561D829CE300A7D272 /* YLVideoPlayerTimeIndicatorView.m in Sources */ = {isa = PBXBuildFile; fileRef = 5386B8361D829CE300A7D272 /* YLVideoPlayerTimeIndicatorView.m */; };
/* End PBXBuildFile section */

/* Begin PBXContainerItemProxy section */
		5335F3A31D7FF92B0090D9CB /* PBXContainerItemProxy */ = {
			isa = PBXContainerItemProxy;
			containerPortal = 5335F3811D7FF92B0090D9CB /* Project object */;
			proxyType = 1;
			remoteGlobalIDString = 5335F3881D7FF92B0090D9CB;
			remoteInfo = YLPlayer;
		};
		5335F3AE1D7FF92B0090D9CB /* PBXContainerItemProxy */ = {
			isa = PBXContainerItemProxy;
			containerPortal = 5335F3811D7FF92B0090D9CB /* Project object */;
			proxyType = 1;
			remoteGlobalIDString = 5335F3881D7FF92B0090D9CB;
			remoteInfo = YLPlayer;
		};
/* End PBXContainerItemProxy section */

/* Begin PBXFileReference section */
		1353B049327832F8D0401BC7 /* libPods.a */ = {isa = PBXFileReference; explicitFileType = archive.ar; includeInIndex = 0; path = libPods.a; sourceTree = BUILT_PRODUCTS_DIR; };
		3031B14528250687E6981B9C /* Pods.release.xcconfig */ = {isa = PBXFileReference; includeInIndex = 1; lastKnownFileType = text.xcconfig; name = Pods.release.xcconfig; path = "Pods/Target Support Files/Pods/Pods.release.xcconfig"; sourceTree = "<group>"; };
		38882AEE096ECA25C4161888 /* Pods.debug.xcconfig */ = {isa = PBXFileReference; includeInIndex = 1; lastKnownFileType = text.xcconfig; name = Pods.debug.xcconfig; path = "Pods/Target Support Files/Pods/Pods.debug.xcconfig"; sourceTree = "<group>"; };
		5335F3891D7FF92B0090D9CB /* YLPlayer.app */ = {isa = PBXFileReference; explicitFileType = wrapper.application; includeInIndex = 0; path = YLPlayer.app; sourceTree = BUILT_PRODUCTS_DIR; };
		5335F38D1D7FF92B0090D9CB /* main.m */ = {isa = PBXFileReference; lastKnownFileType = sourcecode.c.objc; path = main.m; sourceTree = "<group>"; };
		5335F38F1D7FF92B0090D9CB /* AppDelegate.h */ = {isa = PBXFileReference; lastKnownFileType = sourcecode.c.h; path = AppDelegate.h; sourceTree = "<group>"; };
		5335F3901D7FF92B0090D9CB /* AppDelegate.m */ = {isa = PBXFileReference; lastKnownFileType = sourcecode.c.objc; path = AppDelegate.m; sourceTree = "<group>"; };
		5335F3921D7FF92B0090D9CB /* ViewController.h */ = {isa = PBXFileReference; lastKnownFileType = sourcecode.c.h; path = ViewController.h; sourceTree = "<group>"; };
		5335F3931D7FF92B0090D9CB /* ViewController.m */ = {isa = PBXFileReference; lastKnownFileType = sourcecode.c.objc; path = ViewController.m; sourceTree = "<group>"; };
		5335F3961D7FF92B0090D9CB /* Base */ = {isa = PBXFileReference; lastKnownFileType = file.storyboard; name = Base; path = Base.lproj/Main.storyboard; sourceTree = "<group>"; };
		5335F3981D7FF92B0090D9CB /* Assets.xcassets */ = {isa = PBXFileReference; lastKnownFileType = folder.assetcatalog; path = Assets.xcassets; sourceTree = "<group>"; };
		5335F39B1D7FF92B0090D9CB /* Base */ = {isa = PBXFileReference; lastKnownFileType = file.storyboard; name = Base; path = Base.lproj/LaunchScreen.storyboard; sourceTree = "<group>"; };
		5335F39D1D7FF92B0090D9CB /* Info.plist */ = {isa = PBXFileReference; lastKnownFileType = text.plist.xml; path = Info.plist; sourceTree = "<group>"; };
		5335F3A21D7FF92B0090D9CB /* YLPlayerTests.xctest */ = {isa = PBXFileReference; explicitFileType = wrapper.cfbundle; includeInIndex = 0; path = YLPlayerTests.xctest; sourceTree = BUILT_PRODUCTS_DIR; };
		5335F3A61D7FF92B0090D9CB /* YLPlayerTests.m */ = {isa = PBXFileReference; lastKnownFileType = sourcecode.c.objc; path = YLPlayerTests.m; sourceTree = "<group>"; };
		5335F3A81D7FF92B0090D9CB /* Info.plist */ = {isa = PBXFileReference; lastKnownFileType = text.plist.xml; path = Info.plist; sourceTree = "<group>"; };
		5335F3AD1D7FF92B0090D9CB /* YLPlayerUITests.xctest */ = {isa = PBXFileReference; explicitFileType = wrapper.cfbundle; includeInIndex = 0; path = YLPlayerUITests.xctest; sourceTree = BUILT_PRODUCTS_DIR; };
		5335F3B11D7FF92B0090D9CB /* YLPlayerUITests.m */ = {isa = PBXFileReference; lastKnownFileType = sourcecode.c.objc; path = YLPlayerUITests.m; sourceTree = "<group>"; };
		5335F3B31D7FF92B0090D9CB /* Info.plist */ = {isa = PBXFileReference; lastKnownFileType = text.plist.xml; path = Info.plist; sourceTree = "<group>"; };
		5335F3BF1D7FF9410090D9CB /* YLPlayer-Prefix.pch */ = {isa = PBXFileReference; lastKnownFileType = sourcecode.c.h; path = "YLPlayer-Prefix.pch"; sourceTree = "<group>"; };
		5386B8101D829CE300A7D272 /* bg_media_default@2x.jpg */ = {isa = PBXFileReference; lastKnownFileType = image.jpeg; path = "bg_media_default@2x.jpg"; sourceTree = "<group>"; };
		5386B8111D829CE300A7D272 /* fastforward@2x.png */ = {isa = PBXFileReference; lastKnownFileType = image.png; path = "fastforward@2x.png"; sourceTree = "<group>"; };
		5386B8121D829CE300A7D272 /* fastforward@3x.png */ = {isa = PBXFileReference; lastKnownFileType = image.png; path = "fastforward@3x.png"; sourceTree = "<group>"; };
		5386B8131D829CE300A7D272 /* YLPlayerViewController.h */ = {isa = PBXFileReference; fileEncoding = 4; lastKnownFileType = sourcecode.c.h; path = YLPlayerViewController.h; sourceTree = "<group>"; };
		5386B8141D829CE300A7D272 /* YLPlayerViewController.m */ = {isa = PBXFileReference; fileEncoding = 4; lastKnownFileType = sourcecode.c.objc; path = YLPlayerViewController.m; sourceTree = "<group>"; };
		5386B8151D829CE300A7D272 /* player_back@2x.png */ = {isa = PBXFileReference; lastKnownFileType = image.png; path = "player_back@2x.png"; sourceTree = "<group>"; };
		5386B8161D829CE300A7D272 /* player_back@3x.png */ = {isa = PBXFileReference; lastKnownFileType = image.png; path = "player_back@3x.png"; sourceTree = "<group>"; };
		5386B8171D829CE300A7D272 /* player_brightness_bg@2x.png */ = {isa = PBXFileReference; lastKnownFileType = image.png; path = "player_brightness_bg@2x.png"; sourceTree = "<group>"; };
		5386B8181D829CE300A7D272 /* player_brightness_bg@3x.png */ = {isa = PBXFileReference; lastKnownFileType = image.png; path = "player_brightness_bg@3x.png"; sourceTree = "<group>"; };
		5386B8191D829CE300A7D272 /* player_close@2x.png */ = {isa = PBXFileReference; lastKnownFileType = image.png; path = "player_close@2x.png"; sourceTree = "<group>"; };
		5386B81A1D829CE300A7D272 /* player_close@3x.png */ = {isa = PBXFileReference; lastKnownFileType = image.png; path = "player_close@3x.png"; sourceTree = "<group>"; };
		5386B81B1D829CE300A7D272 /* player_fullscreen@2x.png */ = {isa = PBXFileReference; lastKnownFileType = image.png; path = "player_fullscreen@2x.png"; sourceTree = "<group>"; };
		5386B81C1D829CE300A7D272 /* player_fullscreen@3x.png */ = {isa = PBXFileReference; lastKnownFileType = image.png; path = "player_fullscreen@3x.png"; sourceTree = "<group>"; };
		5386B81D1D829CE300A7D272 /* player_pausekey@2x.png */ = {isa = PBXFileReference; lastKnownFileType = image.png; path = "player_pausekey@2x.png"; sourceTree = "<group>"; };
		5386B81E1D829CE300A7D272 /* player_pausekey@3x.png */ = {isa = PBXFileReference; lastKnownFileType = image.png; path = "player_pausekey@3x.png"; sourceTree = "<group>"; };
		5386B81F1D829CE300A7D272 /* player_play@2x.png */ = {isa = PBXFileReference; lastKnownFileType = image.png; path = "player_play@2x.png"; sourceTree = "<group>"; };
		5386B8201D829CE300A7D272 /* player_play@3x.png */ = {isa = PBXFileReference; lastKnownFileType = image.png; path = "player_play@3x.png"; sourceTree = "<group>"; };
		5386B8211D829CE300A7D272 /* player_shrinkscreen@2x.png */ = {isa = PBXFileReference; lastKnownFileType = image.png; path = "player_shrinkscreen@2x.png"; sourceTree = "<group>"; };
		5386B8221D829CE300A7D272 /* player_shrinkscreen@3x.png */ = {isa = PBXFileReference; lastKnownFileType = image.png; path = "player_shrinkscreen@3x.png"; sourceTree = "<group>"; };
		5386B8231D829CE300A7D272 /* progressbar@2x.png */ = {isa = PBXFileReference; lastKnownFileType = image.png; path = "progressbar@2x.png"; sourceTree = "<group>"; };
		5386B8241D829CE300A7D272 /* progressbar@3x.png */ = {isa = PBXFileReference; lastKnownFileType = image.png; path = "progressbar@3x.png"; sourceTree = "<group>"; };
		5386B8251D829CE300A7D272 /* progressbar_default@2x.png */ = {isa = PBXFileReference; lastKnownFileType = image.png; path = "progressbar_default@2x.png"; sourceTree = "<group>"; };
		5386B8261D829CE300A7D272 /* progressbar_default@3x.png */ = {isa = PBXFileReference; lastKnownFileType = image.png; path = "progressbar_default@3x.png"; sourceTree = "<group>"; };
		5386B8271D829CE300A7D272 /* progressbar_dot@2x.png */ = {isa = PBXFileReference; lastKnownFileType = image.png; path = "progressbar_dot@2x.png"; sourceTree = "<group>"; };
		5386B8281D829CE300A7D272 /* progressbar_dot@3x.png */ = {isa = PBXFileReference; lastKnownFileType = image.png; path = "progressbar_dot@3x.png"; sourceTree = "<group>"; };
		5386B8291D829CE300A7D272 /* rewind@2x.png */ = {isa = PBXFileReference; lastKnownFileType = image.png; path = "rewind@2x.png"; sourceTree = "<group>"; };
		5386B82A1D829CE300A7D272 /* rewind@3x.png */ = {isa = PBXFileReference; lastKnownFileType = image.png; path = "rewind@3x.png"; sourceTree = "<group>"; };
		5386B82B1D829CE300A7D272 /* YLPlayerBrightnessView.h */ = {isa = PBXFileReference; fileEncoding = 4; lastKnownFileType = sourcecode.c.h; path = YLPlayerBrightnessView.h; sourceTree = "<group>"; };
		5386B82C1D829CE300A7D272 /* YLPlayerBrightnessView.m */ = {isa = PBXFileReference; fileEncoding = 4; lastKnownFileType = sourcecode.c.objc; path = YLPlayerBrightnessView.m; sourceTree = "<group>"; };
		5386B82D1D829CE300A7D272 /* YLPlayerSlider.h */ = {isa = PBXFileReference; fileEncoding = 4; lastKnownFileType = sourcecode.c.h; path = YLPlayerSlider.h; sourceTree = "<group>"; };
		5386B82E1D829CE300A7D272 /* YLPlayerSlider.m */ = {isa = PBXFileReference; fileEncoding = 4; lastKnownFileType = sourcecode.c.objc; path = YLPlayerSlider.m; sourceTree = "<group>"; };
		5386B82F1D829CE300A7D272 /* YLPlayerView.h */ = {isa = PBXFileReference; fileEncoding = 4; lastKnownFileType = sourcecode.c.h; path = YLPlayerView.h; sourceTree = "<group>"; };
		5386B8301D829CE300A7D272 /* YLPlayerView.m */ = {isa = PBXFileReference; fileEncoding = 4; lastKnownFileType = sourcecode.c.objc; path = YLPlayerView.m; sourceTree = "<group>"; };
		5386B8311D829CE300A7D272 /* YLVideoPlayerBrightnessView.h */ = {isa = PBXFileReference; fileEncoding = 4; lastKnownFileType = sourcecode.c.h; path = YLVideoPlayerBrightnessView.h; sourceTree = "<group>"; };
		5386B8321D829CE300A7D272 /* YLVideoPlayerBrightnessView.m */ = {isa = PBXFileReference; fileEncoding = 4; lastKnownFileType = sourcecode.c.objc; path = YLVideoPlayerBrightnessView.m; sourceTree = "<group>"; };
		5386B8331D829CE300A7D272 /* YLVideoPlayerControlView.h */ = {isa = PBXFileReference; fileEncoding = 4; lastKnownFileType = sourcecode.c.h; path = YLVideoPlayerControlView.h; sourceTree = "<group>"; };
		5386B8341D829CE300A7D272 /* YLVideoPlayerControlView.m */ = {isa = PBXFileReference; fileEncoding = 4; lastKnownFileType = sourcecode.c.objc; path = YLVideoPlayerControlView.m; sourceTree = "<group>"; };
		5386B8351D829CE300A7D272 /* YLVideoPlayerTimeIndicatorView.h */ = {isa = PBXFileReference; fileEncoding = 4; lastKnownFileType = sourcecode.c.h; path = YLVideoPlayerTimeIndicatorView.h; sourceTree = "<group>"; };
		5386B8361D829CE300A7D272 /* YLVideoPlayerTimeIndicatorView.m */ = {isa = PBXFileReference; fileEncoding = 4; lastKnownFileType = sourcecode.c.objc; path = YLVideoPlayerTimeIndicatorView.m; sourceTree = "<group>"; };
/* End PBXFileReference section */

/* Begin PBXFrameworksBuildPhase section */
		5335F3861D7FF92B0090D9CB /* Frameworks */ = {
			isa = PBXFrameworksBuildPhase;
			buildActionMask = 2147483647;
			files = (
				3401A714A53C5880D1A860DD /* libPods.a in Frameworks */,
			);
			runOnlyForDeploymentPostprocessing = 0;
		};
		5335F39F1D7FF92B0090D9CB /* Frameworks */ = {
			isa = PBXFrameworksBuildPhase;
			buildActionMask = 2147483647;
			files = (
			);
			runOnlyForDeploymentPostprocessing = 0;
		};
		5335F3AA1D7FF92B0090D9CB /* Frameworks */ = {
			isa = PBXFrameworksBuildPhase;
			buildActionMask = 2147483647;
			files = (
			);
			runOnlyForDeploymentPostprocessing = 0;
		};
/* End PBXFrameworksBuildPhase section */

/* Begin PBXGroup section */
		345BDB91A9CBE135105B76D2 /* Pods */ = {
			isa = PBXGroup;
			children = (
				38882AEE096ECA25C4161888 /* Pods.debug.xcconfig */,
				3031B14528250687E6981B9C /* Pods.release.xcconfig */,
			);
			name = Pods;
			sourceTree = "<group>";
		};
		5335F3801D7FF92B0090D9CB = {
			isa = PBXGroup;
			children = (
				5335F38B1D7FF92B0090D9CB /* YLPlayer */,
				5335F3A51D7FF92B0090D9CB /* YLPlayerTests */,
				5335F3B01D7FF92B0090D9CB /* YLPlayerUITests */,
				5335F38A1D7FF92B0090D9CB /* Products */,
				345BDB91A9CBE135105B76D2 /* Pods */,
				6095010A4E3AB5A39430E983 /* Frameworks */,
			);
			sourceTree = "<group>";
		};
		5335F38A1D7FF92B0090D9CB /* Products */ = {
			isa = PBXGroup;
			children = (
				5335F3891D7FF92B0090D9CB /* YLPlayer.app */,
				5335F3A21D7FF92B0090D9CB /* YLPlayerTests.xctest */,
				5335F3AD1D7FF92B0090D9CB /* YLPlayerUITests.xctest */,
			);
			name = Products;
			sourceTree = "<group>";
		};
		5335F38B1D7FF92B0090D9CB /* YLPlayer */ = {
			isa = PBXGroup;
			children = (
				5335F38F1D7FF92B0090D9CB /* AppDelegate.h */,
				5335F3901D7FF92B0090D9CB /* AppDelegate.m */,
				5335F3921D7FF92B0090D9CB /* ViewController.h */,
				5335F3931D7FF92B0090D9CB /* ViewController.m */,
				5386B80F1D829CE300A7D272 /* YLPlayerView */,
				5335F3951D7FF92B0090D9CB /* Main.storyboard */,
				5335F3981D7FF92B0090D9CB /* Assets.xcassets */,
				5335F39A1D7FF92B0090D9CB /* LaunchScreen.storyboard */,
				5335F39D1D7FF92B0090D9CB /* Info.plist */,
				5335F38C1D7FF92B0090D9CB /* Supporting Files */,
			);
			path = YLPlayer;
			sourceTree = "<group>";
		};
		5335F38C1D7FF92B0090D9CB /* Supporting Files */ = {
			isa = PBXGroup;
			children = (
				5335F38D1D7FF92B0090D9CB /* main.m */,
				5335F3BF1D7FF9410090D9CB /* YLPlayer-Prefix.pch */,
			);
			name = "Supporting Files";
			sourceTree = "<group>";
		};
		5335F3A51D7FF92B0090D9CB /* YLPlayerTests */ = {
			isa = PBXGroup;
			children = (
				5335F3A61D7FF92B0090D9CB /* YLPlayerTests.m */,
				5335F3A81D7FF92B0090D9CB /* Info.plist */,
			);
			path = YLPlayerTests;
			sourceTree = "<group>";
		};
		5335F3B01D7FF92B0090D9CB /* YLPlayerUITests */ = {
			isa = PBXGroup;
			children = (
				5335F3B11D7FF92B0090D9CB /* YLPlayerUITests.m */,
				5335F3B31D7FF92B0090D9CB /* Info.plist */,
			);
			path = YLPlayerUITests;
			sourceTree = "<group>";
		};
		5386B80F1D829CE300A7D272 /* YLPlayerView */ = {
			isa = PBXGroup;
			children = (
				5386B8101D829CE300A7D272 /* bg_media_default@2x.jpg */,
				5386B8111D829CE300A7D272 /* fastforward@2x.png */,
				5386B8121D829CE300A7D272 /* fastforward@3x.png */,
				5386B8151D829CE300A7D272 /* player_back@2x.png */,
				5386B8161D829CE300A7D272 /* player_back@3x.png */,
				5386B8171D829CE300A7D272 /* player_brightness_bg@2x.png */,
				5386B8181D829CE300A7D272 /* player_brightness_bg@3x.png */,
				5386B8191D829CE300A7D272 /* player_close@2x.png */,
				5386B81A1D829CE300A7D272 /* player_close@3x.png */,
				5386B81B1D829CE300A7D272 /* player_fullscreen@2x.png */,
				5386B81C1D829CE300A7D272 /* player_fullscreen@3x.png */,
				5386B81D1D829CE300A7D272 /* player_pausekey@2x.png */,
				5386B81E1D829CE300A7D272 /* player_pausekey@3x.png */,
				5386B81F1D829CE300A7D272 /* player_play@2x.png */,
				5386B8201D829CE300A7D272 /* player_play@3x.png */,
				5386B8211D829CE300A7D272 /* player_shrinkscreen@2x.png */,
				5386B8221D829CE300A7D272 /* player_shrinkscreen@3x.png */,
				5386B8231D829CE300A7D272 /* progressbar@2x.png */,
				5386B8241D829CE300A7D272 /* progressbar@3x.png */,
				5386B8251D829CE300A7D272 /* progressbar_default@2x.png */,
				5386B8261D829CE300A7D272 /* progressbar_default@3x.png */,
				5386B8271D829CE300A7D272 /* progressbar_dot@2x.png */,
				5386B8281D829CE300A7D272 /* progressbar_dot@3x.png */,
				5386B8291D829CE300A7D272 /* rewind@2x.png */,
				5386B82A1D829CE300A7D272 /* rewind@3x.png */,
				5386B8131D829CE300A7D272 /* YLPlayerViewController.h */,
				5386B8141D829CE300A7D272 /* YLPlayerViewController.m */,
				5386B82B1D829CE300A7D272 /* YLPlayerBrightnessView.h */,
				5386B82C1D829CE300A7D272 /* YLPlayerBrightnessView.m */,
				5386B82D1D829CE300A7D272 /* YLPlayerSlider.h */,
				5386B82E1D829CE300A7D272 /* YLPlayerSlider.m */,
				5386B82F1D829CE300A7D272 /* YLPlayerView.h */,
				5386B8301D829CE300A7D272 /* YLPlayerView.m */,
				5386B8311D829CE300A7D272 /* YLVideoPlayerBrightnessView.h */,
				5386B8321D829CE300A7D272 /* YLVideoPlayerBrightnessView.m */,
				5386B8331D829CE300A7D272 /* YLVideoPlayerControlView.h */,
				5386B8341D829CE300A7D272 /* YLVideoPlayerControlView.m */,
				5386B8351D829CE300A7D272 /* YLVideoPlayerTimeIndicatorView.h */,
				5386B8361D829CE300A7D272 /* YLVideoPlayerTimeIndicatorView.m */,
			);
			path = YLPlayerView;
			sourceTree = "<group>";
		};
		6095010A4E3AB5A39430E983 /* Frameworks */ = {
			isa = PBXGroup;
			children = (
				1353B049327832F8D0401BC7 /* libPods.a */,
			);
			name = Frameworks;
			sourceTree = "<group>";
		};
/* End PBXGroup section */

/* Begin PBXNativeTarget section */
		5335F3881D7FF92B0090D9CB /* YLPlayer */ = {
			isa = PBXNativeTarget;
			buildConfigurationList = 5335F3B61D7FF92B0090D9CB /* Build configuration list for PBXNativeTarget "YLPlayer" */;
			buildPhases = (
				1EC3B75088785016F306107B /* Check Pods Manifest.lock */,
				5335F3851D7FF92B0090D9CB /* Sources */,
				5335F3861D7FF92B0090D9CB /* Frameworks */,
				5335F3871D7FF92B0090D9CB /* Resources */,
				4B0BEE1893822EF2C88D779E /* Embed Pods Frameworks */,
				8A3280270BAAC42AE4ABB077 /* Copy Pods Resources */,
			);
			buildRules = (
			);
			dependencies = (
			);
			name = YLPlayer;
			productName = YLPlayer;
			productReference = 5335F3891D7FF92B0090D9CB /* YLPlayer.app */;
			productType = "com.apple.product-type.application";
		};
		5335F3A11D7FF92B0090D9CB /* YLPlayerTests */ = {
			isa = PBXNativeTarget;
			buildConfigurationList = 5335F3B91D7FF92B0090D9CB /* Build configuration list for PBXNativeTarget "YLPlayerTests" */;
			buildPhases = (
				5335F39E1D7FF92B0090D9CB /* Sources */,
				5335F39F1D7FF92B0090D9CB /* Frameworks */,
				5335F3A01D7FF92B0090D9CB /* Resources */,
			);
			buildRules = (
			);
			dependencies = (
				5335F3A41D7FF92B0090D9CB /* PBXTargetDependency */,
			);
			name = YLPlayerTests;
			productName = YLPlayerTests;
			productReference = 5335F3A21D7FF92B0090D9CB /* YLPlayerTests.xctest */;
			productType = "com.apple.product-type.bundle.unit-test";
		};
		5335F3AC1D7FF92B0090D9CB /* YLPlayerUITests */ = {
			isa = PBXNativeTarget;
			buildConfigurationList = 5335F3BC1D7FF92B0090D9CB /* Build configuration list for PBXNativeTarget "YLPlayerUITests" */;
			buildPhases = (
				5335F3A91D7FF92B0090D9CB /* Sources */,
				5335F3AA1D7FF92B0090D9CB /* Frameworks */,
				5335F3AB1D7FF92B0090D9CB /* Resources */,
			);
			buildRules = (
			);
			dependencies = (
				5335F3AF1D7FF92B0090D9CB /* PBXTargetDependency */,
			);
			name = YLPlayerUITests;
			productName = YLPlayerUITests;
			productReference = 5335F3AD1D7FF92B0090D9CB /* YLPlayerUITests.xctest */;
			productType = "com.apple.product-type.bundle.ui-testing";
		};
/* End PBXNativeTarget section */

/* Begin PBXProject section */
		5335F3811D7FF92B0090D9CB /* Project object */ = {
			isa = PBXProject;
			attributes = {
				LastUpgradeCheck = 0730;
				ORGANIZATIONNAME = yanshu;
				TargetAttributes = {
					5335F3881D7FF92B0090D9CB = {
						CreatedOnToolsVersion = 7.3.1;
						DevelopmentTeam = 22R5TS4DAZ;
					};
					5335F3A11D7FF92B0090D9CB = {
						CreatedOnToolsVersion = 7.3.1;
						TestTargetID = 5335F3881D7FF92B0090D9CB;
					};
					5335F3AC1D7FF92B0090D9CB = {
						CreatedOnToolsVersion = 7.3.1;
						TestTargetID = 5335F3881D7FF92B0090D9CB;
					};
				};
			};
			buildConfigurationList = 5335F3841D7FF92B0090D9CB /* Build configuration list for PBXProject "YLPlayer" */;
			compatibilityVersion = "Xcode 3.2";
			developmentRegion = English;
			hasScannedForEncodings = 0;
			knownRegions = (
				en,
				Base,
			);
			mainGroup = 5335F3801D7FF92B0090D9CB;
			productRefGroup = 5335F38A1D7FF92B0090D9CB /* Products */;
			projectDirPath = "";
			projectRoot = "";
			targets = (
				5335F3881D7FF92B0090D9CB /* YLPlayer */,
				5335F3A11D7FF92B0090D9CB /* YLPlayerTests */,
				5335F3AC1D7FF92B0090D9CB /* YLPlayerUITests */,
			);
		};
/* End PBXProject section */

/* Begin PBXResourcesBuildPhase section */
		5335F3871D7FF92B0090D9CB /* Resources */ = {
			isa = PBXResourcesBuildPhase;
			buildActionMask = 2147483647;
			files = (
				5386B8491D829CE300A7D272 /* progressbar@2x.png in Resources */,
				5386B8371D829CE300A7D272 /* bg_media_default@2x.jpg in Resources */,
				5386B84F1D829CE300A7D272 /* rewind@2x.png in Resources */,
				5386B8451D829CE300A7D272 /* player_play@2x.png in Resources */,
				5386B8501D829CE300A7D272 /* rewind@3x.png in Resources */,
				5386B84D1D829CE300A7D272 /* progressbar_dot@2x.png in Resources */,
				5386B83F1D829CE300A7D272 /* player_close@2x.png in Resources */,
				5386B8381D829CE300A7D272 /* fastforward@2x.png in Resources */,
				5386B8411D829CE300A7D272 /* player_fullscreen@2x.png in Resources */,
				5386B8431D829CE300A7D272 /* player_pausekey@2x.png in Resources */,
				5335F39C1D7FF92B0090D9CB /* LaunchScreen.storyboard in Resources */,
				5386B8471D829CE300A7D272 /* player_shrinkscreen@2x.png in Resources */,
				5386B8421D829CE300A7D272 /* player_fullscreen@3x.png in Resources */,
				5386B8441D829CE300A7D272 /* player_pausekey@3x.png in Resources */,
				5386B8391D829CE300A7D272 /* fastforward@3x.png in Resources */,
				5386B8481D829CE300A7D272 /* player_shrinkscreen@3x.png in Resources */,
				5386B84E1D829CE300A7D272 /* progressbar_dot@3x.png in Resources */,
				5335F3991D7FF92B0090D9CB /* Assets.xcassets in Resources */,
				5386B84C1D829CE300A7D272 /* progressbar_default@3x.png in Resources */,
				5386B83D1D829CE300A7D272 /* player_brightness_bg@2x.png in Resources */,
				5386B83C1D829CE300A7D272 /* player_back@3x.png in Resources */,
				5386B84A1D829CE300A7D272 /* progressbar@3x.png in Resources */,
				5335F3971D7FF92B0090D9CB /* Main.storyboard in Resources */,
				5386B84B1D829CE300A7D272 /* progressbar_default@2x.png in Resources */,
				5386B8461D829CE300A7D272 /* player_play@3x.png in Resources */,
				5386B83E1D829CE300A7D272 /* player_brightness_bg@3x.png in Resources */,
				5386B83B1D829CE300A7D272 /* player_back@2x.png in Resources */,
				5386B8401D829CE300A7D272 /* player_close@3x.png in Resources */,
			);
			runOnlyForDeploymentPostprocessing = 0;
		};
		5335F3A01D7FF92B0090D9CB /* Resources */ = {
			isa = PBXResourcesBuildPhase;
			buildActionMask = 2147483647;
			files = (
			);
			runOnlyForDeploymentPostprocessing = 0;
		};
		5335F3AB1D7FF92B0090D9CB /* Resources */ = {
			isa = PBXResourcesBuildPhase;
			buildActionMask = 2147483647;
			files = (
			);
			runOnlyForDeploymentPostprocessing = 0;
		};
/* End PBXResourcesBuildPhase section */

/* Begin PBXShellScriptBuildPhase section */
		1EC3B75088785016F306107B /* Check Pods Manifest.lock */ = {
			isa = PBXShellScriptBuildPhase;
			buildActionMask = 2147483647;
			files = (
			);
			inputPaths = (
			);
			name = "Check Pods Manifest.lock";
			outputPaths = (
			);
			runOnlyForDeploymentPostprocessing = 0;
			shellPath = /bin/sh;
			shellScript = "diff \"${PODS_ROOT}/../Podfile.lock\" \"${PODS_ROOT}/Manifest.lock\" > /dev/null\nif [[ $? != 0 ]] ; then\n    cat << EOM\nerror: The sandbox is not in sync with the Podfile.lock. Run 'pod install' or update your CocoaPods installation.\nEOM\n    exit 1\nfi\n";
			showEnvVarsInLog = 0;
		};
		4B0BEE1893822EF2C88D779E /* Embed Pods Frameworks */ = {
			isa = PBXShellScriptBuildPhase;
			buildActionMask = 2147483647;
			files = (
			);
			inputPaths = (
			);
			name = "Embed Pods Frameworks";
			outputPaths = (
			);
			runOnlyForDeploymentPostprocessing = 0;
			shellPath = /bin/sh;
			shellScript = "\"${SRCROOT}/Pods/Target Support Files/Pods/Pods-frameworks.sh\"\n";
			showEnvVarsInLog = 0;
		};
		8A3280270BAAC42AE4ABB077 /* Copy Pods Resources */ = {
			isa = PBXShellScriptBuildPhase;
			buildActionMask = 2147483647;
			files = (
			);
			inputPaths = (
			);
			name = "Copy Pods Resources";
			outputPaths = (
			);
			runOnlyForDeploymentPostprocessing = 0;
			shellPath = /bin/sh;
			shellScript = "\"${SRCROOT}/Pods/Target Support Files/Pods/Pods-resources.sh\"\n";
			showEnvVarsInLog = 0;
		};
/* End PBXShellScriptBuildPhase section */

/* Begin PBXSourcesBuildPhase section */
		5335F3851D7FF92B0090D9CB /* Sources */ = {
			isa = PBXSourcesBuildPhase;
			buildActionMask = 2147483647;
			files = (
				5386B8561D829CE300A7D272 /* YLVideoPlayerTimeIndicatorView.m in Sources */,
				5386B8511D829CE300A7D272 /* YLPlayerBrightnessView.m in Sources */,
				5386B8551D829CE300A7D272 /* YLVideoPlayerControlView.m in Sources */,
				5335F3941D7FF92B0090D9CB /* ViewController.m in Sources */,
				5386B8521D829CE300A7D272 /* YLPlayerSlider.m in Sources */,
				5386B8531D829CE300A7D272 /* YLPlayerView.m in Sources */,
				5335F3911D7FF92B0090D9CB /* AppDelegate.m in Sources */,
				5386B8541D829CE300A7D272 /* YLVideoPlayerBrightnessView.m in Sources */,
				5335F38E1D7FF92B0090D9CB /* main.m in Sources */,
				5386B83A1D829CE300A7D272 /* YLPlayerViewController.m in Sources */,
			);
			runOnlyForDeploymentPostprocessing = 0;
		};
		5335F39E1D7FF92B0090D9CB /* Sources */ = {
			isa = PBXSourcesBuildPhase;
			buildActionMask = 2147483647;
			files = (
				5335F3A71D7FF92B0090D9CB /* YLPlayerTests.m in Sources */,
			);
			runOnlyForDeploymentPostprocessing = 0;
		};
		5335F3A91D7FF92B0090D9CB /* Sources */ = {
			isa = PBXSourcesBuildPhase;
			buildActionMask = 2147483647;
			files = (
				5335F3B21D7FF92B0090D9CB /* YLPlayerUITests.m in Sources */,
			);
			runOnlyForDeploymentPostprocessing = 0;
		};
/* End PBXSourcesBuildPhase section */

/* Begin PBXTargetDependency section */
		5335F3A41D7FF92B0090D9CB /* PBXTargetDependency */ = {
			isa = PBXTargetDependency;
			target = 5335F3881D7FF92B0090D9CB /* YLPlayer */;
			targetProxy = 5335F3A31D7FF92B0090D9CB /* PBXContainerItemProxy */;
		};
		5335F3AF1D7FF92B0090D9CB /* PBXTargetDependency */ = {
			isa = PBXTargetDependency;
			target = 5335F3881D7FF92B0090D9CB /* YLPlayer */;
			targetProxy = 5335F3AE1D7FF92B0090D9CB /* PBXContainerItemProxy */;
		};
/* End PBXTargetDependency section */

/* Begin PBXVariantGroup section */
		5335F3951D7FF92B0090D9CB /* Main.storyboard */ = {
			isa = PBXVariantGroup;
			children = (
				5335F3961D7FF92B0090D9CB /* Base */,
			);
			name = Main.storyboard;
			sourceTree = "<group>";
		};
		5335F39A1D7FF92B0090D9CB /* LaunchScreen.storyboard */ = {
			isa = PBXVariantGroup;
			children = (
				5335F39B1D7FF92B0090D9CB /* Base */,
			);
			name = LaunchScreen.storyboard;
			sourceTree = "<group>";
		};
/* End PBXVariantGroup section */

/* Begin XCBuildConfiguration section */
		5335F3B41D7FF92B0090D9CB /* Debug */ = {
			isa = XCBuildConfiguration;
			buildSettings = {
				ALWAYS_SEARCH_USER_PATHS = NO;
				CLANG_ANALYZER_NONNULL = YES;
				CLANG_CXX_LANGUAGE_STANDARD = "gnu++0x";
				CLANG_CXX_LIBRARY = "libc++";
				CLANG_ENABLE_MODULES = YES;
				CLANG_ENABLE_OBJC_ARC = YES;
				CLANG_WARN_BOOL_CONVERSION = YES;
				CLANG_WARN_CONSTANT_CONVERSION = YES;
				CLANG_WARN_DIRECT_OBJC_ISA_USAGE = YES_ERROR;
				CLANG_WARN_EMPTY_BODY = YES;
				CLANG_WARN_ENUM_CONVERSION = YES;
				CLANG_WARN_INT_CONVERSION = YES;
				CLANG_WARN_OBJC_ROOT_CLASS = YES_ERROR;
				CLANG_WARN_UNREACHABLE_CODE = YES;
				CLANG_WARN__DUPLICATE_METHOD_MATCH = YES;
				"CODE_SIGN_IDENTITY[sdk=iphoneos*]" = "iPhone Developer";
				COPY_PHASE_STRIP = NO;
				DEBUG_INFORMATION_FORMAT = dwarf;
				ENABLE_STRICT_OBJC_MSGSEND = YES;
				ENABLE_TESTABILITY = YES;
				GCC_C_LANGUAGE_STANDARD = gnu99;
				GCC_DYNAMIC_NO_PIC = NO;
				GCC_NO_COMMON_BLOCKS = YES;
				GCC_OPTIMIZATION_LEVEL = 0;
				GCC_PREPROCESSOR_DEFINITIONS = (
					"DEBUG=1",
					"$(inherited)",
				);
				GCC_WARN_64_TO_32_BIT_CONVERSION = YES;
				GCC_WARN_ABOUT_RETURN_TYPE = YES_ERROR;
				GCC_WARN_UNDECLARED_SELECTOR = YES;
				GCC_WARN_UNINITIALIZED_AUTOS = YES_AGGRESSIVE;
				GCC_WARN_UNUSED_FUNCTION = YES;
				GCC_WARN_UNUSED_VARIABLE = YES;
				IPHONEOS_DEPLOYMENT_TARGET = 9.3;
				MTL_ENABLE_DEBUG_INFO = YES;
				ONLY_ACTIVE_ARCH = YES;
				SDKROOT = iphoneos;
				TARGETED_DEVICE_FAMILY = "1,2";
			};
			name = Debug;
		};
		5335F3B51D7FF92B0090D9CB /* Release */ = {
			isa = XCBuildConfiguration;
			buildSettings = {
				ALWAYS_SEARCH_USER_PATHS = NO;
				CLANG_ANALYZER_NONNULL = YES;
				CLANG_CXX_LANGUAGE_STANDARD = "gnu++0x";
				CLANG_CXX_LIBRARY = "libc++";
				CLANG_ENABLE_MODULES = YES;
				CLANG_ENABLE_OBJC_ARC = YES;
				CLANG_WARN_BOOL_CONVERSION = YES;
				CLANG_WARN_CONSTANT_CONVERSION = YES;
				CLANG_WARN_DIRECT_OBJC_ISA_USAGE = YES_ERROR;
				CLANG_WARN_EMPTY_BODY = YES;
				CLANG_WARN_ENUM_CONVERSION = YES;
				CLANG_WARN_INT_CONVERSION = YES;
				CLANG_WARN_OBJC_ROOT_CLASS = YES_ERROR;
				CLANG_WARN_UNREACHABLE_CODE = YES;
				CLANG_WARN__DUPLICATE_METHOD_MATCH = YES;
				"CODE_SIGN_IDENTITY[sdk=iphoneos*]" = "iPhone Developer";
				COPY_PHASE_STRIP = NO;
				DEBUG_INFORMATION_FORMAT = "dwarf-with-dsym";
				ENABLE_NS_ASSERTIONS = NO;
				ENABLE_STRICT_OBJC_MSGSEND = YES;
				GCC_C_LANGUAGE_STANDARD = gnu99;
				GCC_NO_COMMON_BLOCKS = YES;
				GCC_WARN_64_TO_32_BIT_CONVERSION = YES;
				GCC_WARN_ABOUT_RETURN_TYPE = YES_ERROR;
				GCC_WARN_UNDECLARED_SELECTOR = YES;
				GCC_WARN_UNINITIALIZED_AUTOS = YES_AGGRESSIVE;
				GCC_WARN_UNUSED_FUNCTION = YES;
				GCC_WARN_UNUSED_VARIABLE = YES;
				IPHONEOS_DEPLOYMENT_TARGET = 9.3;
				MTL_ENABLE_DEBUG_INFO = NO;
				SDKROOT = iphoneos;
				TARGETED_DEVICE_FAMILY = "1,2";
				VALIDATE_PRODUCT = YES;
			};
			name = Release;
		};
		5335F3B71D7FF92B0090D9CB /* Debug */ = {
			isa = XCBuildConfiguration;
			baseConfigurationReference = 38882AEE096ECA25C4161888 /* Pods.debug.xcconfig */;
			buildSettings = {
				ASSETCATALOG_COMPILER_APPICON_NAME = AppIcon;
				CODE_SIGN_IDENTITY = "iPhone Developer";
				"CODE_SIGN_IDENTITY[sdk=iphoneos*]" = "iPhone Developer";
				GCC_PRECOMPILE_PREFIX_HEADER = YES;
				GCC_PREFIX_HEADER = "YLPlayer/YLPlayer-Prefix.pch";
				INFOPLIST_FILE = YLPlayer/Info.plist;
				IPHONEOS_DEPLOYMENT_TARGET = 7.0;
				LD_RUNPATH_SEARCH_PATHS = "$(inherited) @executable_path/Frameworks";
				PRODUCT_BUNDLE_IDENTIFIER = com.yanshu.YLPlayer;
				PRODUCT_NAME = "$(TARGET_NAME)";
				PROVISIONING_PROFILE = "";
			};
			name = Debug;
		};
		5335F3B81D7FF92B0090D9CB /* Release */ = {
			isa = XCBuildConfiguration;
			baseConfigurationReference = 3031B14528250687E6981B9C /* Pods.release.xcconfig */;
			buildSettings = {
				ASSETCATALOG_COMPILER_APPICON_NAME = AppIcon;
				CODE_SIGN_IDENTITY = "iPhone Developer";
				"CODE_SIGN_IDENTITY[sdk=iphoneos*]" = "iPhone Developer";
				GCC_PRECOMPILE_PREFIX_HEADER = YES;
				GCC_PREFIX_HEADER = "YLPlayer/YLPlayer-Prefix.pch";
				INFOPLIST_FILE = YLPlayer/Info.plist;
				IPHONEOS_DEPLOYMENT_TARGET = 7.0;
				LD_RUNPATH_SEARCH_PATHS = "$(inherited) @executable_path/Frameworks";
				PRODUCT_BUNDLE_IDENTIFIER = com.yanshu.YLPlayer;
				PRODUCT_NAME = "$(TARGET_NAME)";
				PROVISIONING_PROFILE = "";
			};
			name = Release;
		};
		5335F3BA1D7FF92B0090D9CB /* Debug */ = {
			isa = XCBuildConfiguration;
			buildSettings = {
				BUNDLE_LOADER = "$(TEST_HOST)";
				INFOPLIST_FILE = YLPlayerTests/Info.plist;
				LD_RUNPATH_SEARCH_PATHS = "$(inherited) @executable_path/Frameworks @loader_path/Frameworks";
				PRODUCT_BUNDLE_IDENTIFIER = com.yanshu.YLPlayerTests;
				PRODUCT_NAME = "$(TARGET_NAME)";
				TEST_HOST = "$(BUILT_PRODUCTS_DIR)/YLPlayer.app/YLPlayer";
			};
			name = Debug;
		};
		5335F3BB1D7FF92B0090D9CB /* Release */ = {
			isa = XCBuildConfiguration;
			buildSettings = {
				BUNDLE_LOADER = "$(TEST_HOST)";
				INFOPLIST_FILE = YLPlayerTests/Info.plist;
				LD_RUNPATH_SEARCH_PATHS = "$(inherited) @executable_path/Frameworks @loader_path/Frameworks";
				PRODUCT_BUNDLE_IDENTIFIER = com.yanshu.YLPlayerTests;
				PRODUCT_NAME = "$(TARGET_NAME)";
				TEST_HOST = "$(BUILT_PRODUCTS_DIR)/YLPlayer.app/YLPlayer";
			};
			name = Release;
		};
		5335F3BD1D7FF92B0090D9CB /* Debug */ = {
			isa = XCBuildConfiguration;
			buildSettings = {
				INFOPLIST_FILE = YLPlayerUITests/Info.plist;
				LD_RUNPATH_SEARCH_PATHS = "$(inherited) @executable_path/Frameworks @loader_path/Frameworks";
				PRODUCT_BUNDLE_IDENTIFIER = com.yanshu.YLPlayerUITests;
				PRODUCT_NAME = "$(TARGET_NAME)";
				TEST_TARGET_NAME = YLPlayer;
			};
			name = Debug;
		};
		5335F3BE1D7FF92B0090D9CB /* Release */ = {
			isa = XCBuildConfiguration;
			buildSettings = {
				INFOPLIST_FILE = YLPlayerUITests/Info.plist;
				LD_RUNPATH_SEARCH_PATHS = "$(inherited) @executable_path/Frameworks @loader_path/Frameworks";
				PRODUCT_BUNDLE_IDENTIFIER = com.yanshu.YLPlayerUITests;
				PRODUCT_NAME = "$(TARGET_NAME)";
				TEST_TARGET_NAME = YLPlayer;
			};
			name = Release;
		};
/* End XCBuildConfiguration section */

/* Begin XCConfigurationList section */
		5335F3841D7FF92B0090D9CB /* Build configuration list for PBXProject "YLPlayer" */ = {
			isa = XCConfigurationList;
			buildConfigurations = (
				5335F3B41D7FF92B0090D9CB /* Debug */,
				5335F3B51D7FF92B0090D9CB /* Release */,
			);
			defaultConfigurationIsVisible = 0;
			defaultConfigurationName = Release;
		};
		5335F3B61D7FF92B0090D9CB /* Build configuration list for PBXNativeTarget "YLPlayer" */ = {
			isa = XCConfigurationList;
			buildConfigurations = (
				5335F3B71D7FF92B0090D9CB /* Debug */,
				5335F3B81D7FF92B0090D9CB /* Release */,
			);
			defaultConfigurationIsVisible = 0;
			defaultConfigurationName = Release;
		};
		5335F3B91D7FF92B0090D9CB /* Build configuration list for PBXNativeTarget "YLPlayerTests" */ = {
			isa = XCConfigurationList;
			buildConfigurations = (
				5335F3BA1D7FF92B0090D9CB /* Debug */,
				5335F3BB1D7FF92B0090D9CB /* Release */,
			);
			defaultConfigurationIsVisible = 0;
			defaultConfigurationName = Release;
		};
		5335F3BC1D7FF92B0090D9CB /* Build configuration list for PBXNativeTarget "YLPlayerUITests" */ = {
			isa = XCConfigurationList;
			buildConfigurations = (
				5335F3BD1D7FF92B0090D9CB /* Debug */,
				5335F3BE1D7FF92B0090D9CB /* Release */,
			);
			defaultConfigurationIsVisible = 0;
			defaultConfigurationName = Release;
		};
/* End XCConfigurationList section */
	};
	rootObject = 5335F3811D7FF92B0090D9CB /* Project object */;
}
